
Microsoft Visual Studio Solution File, Format Version 12.00
# Visual Studio Version 17
VisualStudioVersion = 17.13.35825.156 d17.13
MinimumVisualStudioVersion = 10.0.40219.1
Project("{FAE04EC0-301F-11D3-BF4B-00C04F79EFBC}") = "UserRegistrationForm", "UserRegistrationForm\UserRegistrationForm.csproj", "{92615299-6126-4FDB-9107-D56516C44097}"
EndProject
Global
	GlobalSection(SolutionConfigurationPlatforms) = preSolution
		Debug|Any CPU = Debug|Any CPU
		Release|Any CPU = Release|Any CPU
	EndGlobalSection
	GlobalSection(ProjectConfigurationPlatforms) = postSolution
		{92615299-6126-4FDB-9107-D56516C44097}.Debug|Any CPU.ActiveCfg = Debug|Any CPU
		{92615299-6126-4FDB-9107-D56516C44097}.Debug|Any CPU.Build.0 = Debug|Any CPU
		{92615299-6126-4FDB-9107-D56516C44097}.Release|Any CPU.ActiveCfg = Release|Any CPU
		{92615299-6126-4FDB-9107-D56516C44097}.Release|Any CPU.Build.0 = Release|Any CPU
	EndGlobalSection
	GlobalSection(SolutionProperties) = preSolution
		HideSolutionNode = FALSE
	EndGlobalSection
	GlobalSection(ExtensibilityGlobals) = postSolution
		SolutionGuid = {DCC55D30-9E32-4577-8E34-93BB992F565C}
	EndGlobalSection
EndGlobal
